// !$*UTF8*$!
{
	archiveVersion = 1;
	classes = {
	};
	objectVersion = 77;
	objects = {

/* Begin PBXBuildFile section */
		5DEA761C2F772AB1003946FE /* Forge in Frameworks */ = {isa = PBXBuildFile; productRef = 5DEA761B2F772AB1003946FE /* Forge */; };
		5DEA76232F774DEB003946FE /* CoreInfrastructure in Frameworks */ = {isa = PBXBuildFile; productRef = 5DEA76222F774DEB003946FE /* CoreInfrastructure */; };
		5DEA76252F774DEB003946FE /* CoreModels in Frameworks */ = {isa = PBXBuildFile; productRef = 5DEA76242F774DEB003946FE /* CoreModels */; };
		5DEA76272F774DEB003946FE /* CoreNetworking in Frameworks */ = {isa = PBXBuildFile; productRef = 5DEA76262F774DEB003946FE /* CoreNetworking */; };
		5DEA76292F774DEB003946FE /* FeatureSettings in Frameworks */ = {isa = PBXBuildFile; productRef = 5DEA76282F774DEB003946FE /* FeatureSettings */; };
		5DEA762B2F774DEB003946FE /* FeatureTasks in Frameworks */ = {isa = PBXBuildFile; productRef = 5DEA762A2F774DEB003946FE /* FeatureTasks */; };
/* End PBXBuildFile section */

/* Begin PBXContainerItemProxy section */
		5DEA75FE2F772A54003946FE /* PBXContainerItemProxy */ = {
			isa = PBXContainerItemProxy;
			containerPortal = 5DEA75E62F772A53003946FE /* Project object */;
			proxyType = 1;
			remoteGlobalIDString = 5DEA75ED2F772A53003946FE;
			remoteInfo = ForgeDemo;
		};
		5DEA76082F772A55003946FE /* PBXContainerItemProxy */ = {
			isa = PBXContainerItemProxy;
			containerPortal = 5DEA75E62F772A53003946FE /* Project object */;
			proxyType = 1;
			remoteGlobalIDString = 5DEA75ED2F772A53003946FE;
			remoteInfo = ForgeDemo;
		};
/* End PBXContainerItemProxy section */

/* Begin PBXFileReference section */
		5DEA75EE2F772A53003946FE /* ForgeDemo.app */ = {isa = PBXFileReference; explicitFileType = wrapper.application; includeInIndex = 0; path = ForgeDemo.app; sourceTree = BUILT_PRODUCTS_DIR; };
		5DEA75FD2F772A54003946FE /* ForgeDemoTests.xctest */ = {isa = PBXFileReference; explicitFileType = wrapper.cfbundle; includeInIndex = 0; path = ForgeDemoTests.xctest; sourceTree = BUILT_PRODUCTS_DIR; };
		5DEA76072F772A55003946FE /* ForgeDemoUITests.xctest */ = {isa = PBXFileReference; explicitFileType = wrapper.cfbundle; includeInIndex = 0; path = ForgeDemoUITests.xctest; sourceTree = BUILT_PRODUCTS_DIR; };
/* End PBXFileReference section */

/* Begin PBXFileSystemSynchronizedRootGroup section */
		5DEA75F02F772A53003946FE /* ForgeDemo */ = {
			isa = PBXFileSystemSynchronizedRootGroup;
			path = ForgeDemo;
			sourceTree = "<group>";
		};
		5DEA76002F772A54003946FE /* ForgeDemoTests */ = {
			isa = PBXFileSystemSynchronizedRootGroup;
			path = ForgeDemoTests;
			sourceTree = "<group>";
		};
		5DEA760A2F772A55003946FE /* ForgeDemoUITests */ = {
			isa = PBXFileSystemSynchronizedRootGroup;
			path = ForgeDemoUITests;
			sourceTree = "<group>";
		};
/* End PBXFileSystemSynchronizedRootGroup section */

/* Begin PBXFrameworksBuildPhase section */
		5DEA75EB2F772A53003946FE /* Frameworks */ = {
			isa = PBXFrameworksBuildPhase;
			buildActionMask = 2147483647;
			files = (
				5DEA762B2F774DEB003946FE /* FeatureTasks in Frameworks */,
				5DEA76252F774DEB003946FE /* CoreModels in Frameworks */,
				5DEA76292F774DEB003946FE /* FeatureSettings in Frameworks */,
				5DEA76232F774DEB003946FE /* CoreInfrastructure in Frameworks */,
				5DEA761C2F772AB1003946FE /* Forge in Frameworks */,
				5DEA76272F774DEB003946FE /* CoreNetworking in Frameworks */,
			);
			runOnlyForDeploymentPostprocessing = 0;
		};
		5DEA75FA2F772A54003946FE /* Frameworks */ = {
			isa = PBXFrameworksBuildPhase;
			buildActionMask = 2147483647;
			files = (
			);
			runOnlyForDeploymentPostprocessing = 0;
		};
		5DEA76042F772A55003946FE /* Frameworks */ = {
			isa = PBXFrameworksBuildPhase;
			buildActionMask = 2147483647;
			files = (
			);
			runOnlyForDeploymentPostprocessing = 0;
		};
/* End PBXFrameworksBuildPhase section */

/* Begin PBXGroup section */
		5DEA75E52F772A53003946FE = {
			isa = PBXGroup;
			children = (
				5DEA75F02F772A53003946FE /* ForgeDemo */,
				5DEA76002F772A54003946FE /* ForgeDemoTests */,
				5DEA760A2F772A55003946FE /* ForgeDemoUITests */,
				5DEA75EF2F772A53003946FE /* Products */,
			);
			sourceTree = "<group>";
		};
		5DEA75EF2F772A53003946FE /* Products */ = {
			isa = PBXGroup;
			children = (
				5DEA75EE2F772A53003946FE /* ForgeDemo.app */,
				5DEA75FD2F772A54003946FE /* ForgeDemoTests.xctest */,
				5DEA76072F772A55003946FE /* ForgeDemoUITests.xctest */,
			);
			name = Products;
			sourceTree = "<group>";
		};
/* End PBXGroup section */

/* Begin PBXNativeTarget section */
		5DEA75ED2F772A53003946FE /* ForgeDemo */ = {
			isa = PBXNativeTarget;
			buildConfigurationList = 5DEA76112F772A55003946FE /* Build configuration list for PBXNativeTarget "ForgeDemo" */;
			buildPhases = (
				5DEA75EA2F772A53003946FE /* Sources */,
				5DEA75EB2F772A53003946FE /* Frameworks */,
				5DEA75EC2F772A53003946FE /* Resources */,
			);
			buildRules = (
			);
			dependencies = (
			);
			fileSystemSynchronizedGroups = (
				5DEA75F02F772A53003946FE /* ForgeDemo */,
			);
			name = ForgeDemo;
			packageProductDependencies = (
				5DEA761B2F772AB1003946FE /* Forge */,
				5DEA76222F774DEB003946FE /* CoreInfrastructure */,
				5DEA76242F774DEB003946FE /* CoreModels */,
				5DEA76262F774DEB003946FE /* CoreNetworking */,
				5DEA76282F774DEB003946FE /* FeatureSettings */,
				5DEA762A2F774DEB003946FE /* FeatureTasks */,
			);
			productName = ForgeDemo;
			productReference = 5DEA75EE2F772A53003946FE /* ForgeDemo.app */;
			productType = "com.apple.product-type.application";
		};
		5DEA75FC2F772A54003946FE /* ForgeDemoTests */ = {
			isa = PBXNativeTarget;
			buildConfigurationList = 5DEA76142F772A55003946FE /* Build configuration list for PBXNativeTarget "ForgeDemoTests" */;
			buildPhases = (
				5DEA75F92F772A54003946FE /* Sources */,
				5DEA75FA2F772A54003946FE /* Frameworks */,
				5DEA75FB2F772A54003946FE /* Resources */,
			);
			buildRules = (
			);
			dependencies = (
				5DEA75FF2F772A54003946FE /* PBXTargetDependency */,
			);
			fileSystemSynchronizedGroups = (
				5DEA76002F772A54003946FE /* ForgeDemoTests */,
			);
			name = ForgeDemoTests;
			packageProductDependencies = (
			);
			productName = ForgeDemoTests;
			productReference = 5DEA75FD2F772A54003946FE /* ForgeDemoTests.xctest */;
			productType = "com.apple.product-type.bundle.unit-test";
		};
		5DEA76062F772A55003946FE /* ForgeDemoUITests */ = {
			isa = PBXNativeTarget;
			buildConfigurationList = 5DEA76172F772A55003946FE /* Build configuration list for PBXNativeTarget "ForgeDemoUITests" */;
			buildPhases = (
				5DEA76032F772A55003946FE /* Sources */,
				5DEA76042F772A55003946FE /* Frameworks */,
				5DEA76052F772A55003946FE /* Resources */,
			);
			buildRules = (
			);
			dependencies = (
				5DEA76092F772A55003946FE /* PBXTargetDependency */,
			);
			fileSystemSynchronizedGroups = (
				5DEA760A2F772A55003946FE /* ForgeDemoUITests */,
			);
			name = ForgeDemoUITests;
			packageProductDependencies = (
			);
			productName = ForgeDemoUITests;
			productReference = 5DEA76072F772A55003946FE /* ForgeDemoUITests.xctest */;
			productType = "com.apple.product-type.bundle.ui-testing";
		};
/* End PBXNativeTarget section */

/* Begin PBXProject section */
		5DEA75E62F772A53003946FE /* Project object */ = {
			isa = PBXProject;
			attributes = {
				BuildIndependentTargetsInParallel = 1;
				LastSwiftUpdateCheck = 2630;
				LastUpgradeCheck = 2630;
				TargetAttributes = {
					5DEA75ED2F772A53003946FE = {
						CreatedOnToolsVersion = 26.3;
					};
					5DEA75FC2F772A54003946FE = {
						CreatedOnToolsVersion = 26.3;
						TestTargetID = 5DEA75ED2F772A53003946FE;
					};
					5DEA76062F772A55003946FE = {
						CreatedOnToolsVersion = 26.3;
						TestTargetID = 5DEA75ED2F772A53003946FE;
					};
				};
			};
			buildConfigurationList = 5DEA75E92F772A53003946FE /* Build configuration list for PBXProject "ForgeDemo" */;
			developmentRegion = en;
			hasScannedForEncodings = 0;
			knownRegions = (
				en,
				Base,
			);
			mainGroup = 5DEA75E52F772A53003946FE;
			minimizedProjectReferenceProxies = 1;
			packageReferences = (
				5DEA76212F774DEB003946FE /* XCLocalSwiftPackageReference "Packages/ForgeDemoPackages" */,
			);
			preferredProjectObjectVersion = 77;
			productRefGroup = 5DEA75EF2F772A53003946FE /* Products */;
			projectDirPath = "";
			projectRoot = "";
			targets = (
				5DEA75ED2F772A53003946FE /* ForgeDemo */,
				5DEA75FC2F772A54003946FE /* ForgeDemoTests */,
				5DEA76062F772A55003946FE /* ForgeDemoUITests */,
			);
		};
/* End PBXProject section */

/* Begin PBXResourcesBuildPhase section */
		5DEA75EC2F772A53003946FE /* Resources */ = {
			isa = PBXResourcesBuildPhase;
			buildActionMask = 2147483647;
			files = (
			);
			runOnlyForDeploymentPostprocessing = 0;
		};
		5DEA75FB2F772A54003946FE /* Resources */ = {
			isa = PBXResourcesBuildPhase;
			buildActionMask = 2147483647;
			files = (
			);
			runOnlyForDeploymentPostprocessing = 0;
		};
		5DEA76052F772A55003946FE /* Resources */ = {
			isa = PBXResourcesBuildPhase;
			buildActionMask = 2147483647;
			files = (
			);
			runOnlyForDeploymentPostprocessing = 0;
		};
/* End PBXResourcesBuildPhase section */

/* Begin PBXSourcesBuildPhase section */
		5DEA75EA2F772A53003946FE /* Sources */ = {
			isa = PBXSourcesBuildPhase;
			buildActionMask = 2147483647;
			files = (
			);
			runOnlyForDeploymentPostprocessing = 0;
		};
		5DEA75F92F772A54003946FE /* Sources */ = {
			isa = PBXSourcesBuildPhase;
			buildActionMask = 2147483647;
			files = (
			);
			runOnlyForDeploymentPostprocessing = 0;
		};
		5DEA76032F772A55003946FE /* Sources */ = {
			isa = PBXSourcesBuildPhase;
			buildActionMask = 2147483647;
			files = (
			);
			runOnlyForDeploymentPostprocessing = 0;
		};
/* End PBXSourcesBuildPhase section */

/* Begin PBXTargetDependency section */
		5DEA75FF2F772A54003946FE /* PBXTargetDependency */ = {
			isa = PBXTargetDependency;
			target = 5DEA75ED2F772A53003946FE /* ForgeDemo */;
			targetProxy = 5DEA75FE2F772A54003946FE /* PBXContainerItemProxy */;
		};
		5DEA76092F772A55003946FE /* PBXTargetDependency */ = {
			isa = PBXTargetDependency;
			target = 5DEA75ED2F772A53003946FE /* ForgeDemo */;
			targetProxy = 5DEA76082F772A55003946FE /* PBXContainerItemProxy */;
		};
/* End PBXTargetDependency section */

/* Begin XCBuildConfiguration section */
		5DEA760F2F772A55003946FE /* Debug */ = {
			isa = XCBuildConfiguration;
			buildSettings = {
				ALWAYS_SEARCH_USER_PATHS = NO;
				ASSETCATALOG_COMPILER_GENERATE_SWIFT_ASSET_SYMBOL_EXTENSIONS = YES;
				CLANG_ANALYZER_NONNULL = YES;
				CLANG_ANALYZER_NUMBER_OBJECT_CONVERSION = YES_AGGRESSIVE;
				CLANG_CXX_LANGUAGE_STANDARD = "gnu++20";
				CLANG_ENABLE_MODULES = YES;
				CLANG_ENABLE_OBJC_ARC = YES;
				CLANG_ENABLE_OBJC_WEAK = YES;
				CLANG_WARN_BLOCK_CAPTURE_AUTORELEASING = YES;
				CLANG_WARN_BOOL_CONVERSION = YES;
				CLANG_WARN_COMMA = YES;
				CLANG_WARN_CONSTANT_CONVERSION = YES;
				CLANG_WARN_DEPRECATED_OBJC_IMPLEMENTATIONS = YES;
				CLANG_WARN_DIRECT_OBJC_ISA_USAGE = YES_ERROR;
				CLANG_WARN_DOCUMENTATION_COMMENTS = YES;
				CLANG_WARN_EMPTY_BODY = YES;
				CLANG_WARN_ENUM_CONVERSION = YES;
				CLANG_WARN_INFINITE_RECURSION = YES;
				CLANG_WARN_INT_CONVERSION = YES;
				CLANG_WARN_NON_LITERAL_NULL_CONVERSION = YES;
				CLANG_WARN_OBJC_IMPLICIT_RETAIN_SELF = YES;
				CLANG_WARN_OBJC_LITERAL_CONVERSION = YES;
				CLANG_WARN_OBJC_ROOT_CLASS = YES_ERROR;
				CLANG_WARN_QUOTED_INCLUDE_IN_FRAMEWORK_HEADER = YES;
				CLANG_WARN_RANGE_LOOP_ANALYSIS = YES;
				CLANG_WARN_STRICT_PROTOTYPES = YES;
				CLANG_WARN_SUSPICIOUS_MOVE = YES;
				CLANG_WARN_UNGUARDED_AVAILABILITY = YES_AGGRESSIVE;
				CLANG_WARN_UNREACHABLE_CODE = YES;
				CLANG_WARN__DUPLICATE_METHOD_MATCH = YES;
				COPY_PHASE_STRIP = NO;
				DEBUG_INFORMATION_FORMAT = dwarf;
				ENABLE_STRICT_OBJC_MSGSEND = YES;
				ENABLE_TESTABILITY = YES;
				ENABLE_USER_SCRIPT_SANDBOXING = YES;
				GCC_C_LANGUAGE_STANDARD = gnu17;
				GCC_DYNAMIC_NO_PIC = NO;
				GCC_NO_COMMON_BLOCKS = YES;
				GCC_OPTIMIZATION_LEVEL = 0;
				GCC_PREPROCESSOR_DEFINITIONS = (
					"DEBUG=1",
					"$(inherited)",
				);
				GCC_WARN_64_TO_32_BIT_CONVERSION = YES;
				GCC_WARN_ABOUT_RETURN_TYPE = YES_ERROR;
				GCC_WARN_UNDECLARED_SELECTOR = YES;
				GCC_WARN_UNINITIALIZED_AUTOS = YES_AGGRESSIVE;
				GCC_WARN_UNUSED_FUNCTION = YES;
				GCC_WARN_UNUSED_VARIABLE = YES;
				IPHONEOS_DEPLOYMENT_TARGET = 26.2;
				LOCALIZATION_PREFERS_STRING_CATALOGS = YES;
				MTL_ENABLE_DEBUG_INFO = INCLUDE_SOURCE;
				MTL_FAST_MATH = YES;
				ONLY_ACTIVE_ARCH = YES;
				SDKROOT = iphoneos;
				SWIFT_ACTIVE_COMPILATION_CONDITIONS = "DEBUG $(inherited)";
				SWIFT_OPTIMIZATION_LEVEL = "-Onone";
			};
			name = Debug;
		};
		5DEA76102F772A55003946FE /* Release */ = {
			isa = XCBuildConfiguration;
			buildSettings = {
				ALWAYS_SEARCH_USER_PATHS = NO;
				ASSETCATALOG_COMPILER_GENERATE_SWIFT_ASSET_SYMBOL_EXTENSIONS = YES;
				CLANG_ANALYZER_NONNULL = YES;
				CLANG_ANALYZER_NUMBER_OBJECT_CONVERSION = YES_AGGRESSIVE;
				CLANG_CXX_LANGUAGE_STANDARD = "gnu++20";
				CLANG_ENABLE_MODULES = YES;
				CLANG_ENABLE_OBJC_ARC = YES;
				CLANG_ENABLE_OBJC_WEAK = YES;
				CLANG_WARN_BLOCK_CAPTURE_AUTORELEASING = YES;
				CLANG_WARN_BOOL_CONVERSION = YES;
				CLANG_WARN_COMMA = YES;
				CLANG_WARN_CONSTANT_CONVERSION = YES;
				CLANG_WARN_DEPRECATED_OBJC_IMPLEMENTATIONS = YES;
				CLANG_WARN_DIRECT_OBJC_ISA_USAGE = YES_ERROR;
				CLANG_WARN_DOCUMENTATION_COMMENTS = YES;
				CLANG_WARN_EMPTY_BODY = YES;
				CLANG_WARN_ENUM_CONVERSION = YES;
				CLANG_WARN_INFINITE_RECURSION = YES;
				CLANG_WARN_INT_CONVERSION = YES;
				CLANG_WARN_NON_LITERAL_NULL_CONVERSION = YES;
				CLANG_WARN_OBJC_IMPLICIT_RETAIN_SELF = YES;
				CLANG_WARN_OBJC_LITERAL_CONVERSION = YES;
				CLANG_WARN_OBJC_ROOT_CLASS = YES_ERROR;
				CLANG_WARN_QUOTED_INCLUDE_IN_FRAMEWORK_HEADER = YES;
				CLANG_WARN_RANGE_LOOP_ANALYSIS = YES;
				CLANG_WARN_STRICT_PROTOTYPES = YES;
				CLANG_WARN_SUSPICIOUS_MOVE = YES;
				CLANG_WARN_UNGUARDED_AVAILABILITY = YES_AGGRESSIVE;
				CLANG_WARN_UNREACHABLE_CODE = YES;
				CLANG_WARN__DUPLICATE_METHOD_MATCH = YES;
				COPY_PHASE_STRIP = NO;
				DEBUG_INFORMATION_FORMAT = "dwarf-with-dsym";
				ENABLE_NS_ASSERTIONS = NO;
				ENABLE_STRICT_OBJC_MSGSEND = YES;
				ENABLE_USER_SCRIPT_SANDBOXING = YES;
				GCC_C_LANGUAGE_STANDARD = gnu17;
				GCC_NO_COMMON_BLOCKS = YES;
				GCC_WARN_64_TO_32_BIT_CONVERSION = YES;
				GCC_WARN_ABOUT_RETURN_TYPE = YES_ERROR;
				GCC_WARN_UNDECLARED_SELECTOR = YES;
				GCC_WARN_UNINITIALIZED_AUTOS = YES_AGGRESSIVE;
				GCC_WARN_UNUSED_FUNCTION = YES;
				GCC_WARN_UNUSED_VARIABLE = YES;
				IPHONEOS_DEPLOYMENT_TARGET = 26.2;
				LOCALIZATION_PREFERS_STRING_CATALOGS = YES;
				MTL_ENABLE_DEBUG_INFO = NO;
				MTL_FAST_MATH = YES;
				SDKROOT = iphoneos;
				SWIFT_COMPILATION_MODE = wholemodule;
				VALIDATE_PRODUCT = YES;
			};
			name = Release;
		};
		5DEA76122F772A55003946FE /* Debug */ = {
			isa = XCBuildConfiguration;
			buildSettings = {
				ASSETCATALOG_COMPILER_APPICON_NAME = AppIcon;
				ASSETCATALOG_COMPILER_GLOBAL_ACCENT_COLOR_NAME = AccentColor;
				CODE_SIGN_STYLE = Automatic;
				CURRENT_PROJECT_VERSION = 1;
				ENABLE_PREVIEWS = YES;
				GENERATE_INFOPLIST_FILE = YES;
				INFOPLIST_KEY_UIApplicationSceneManifest_Generation = YES;
				INFOPLIST_KEY_UIApplicationSupportsIndirectInputEvents = YES;
				INFOPLIST_KEY_UILaunchScreen_Generation = YES;
				INFOPLIST_KEY_UISupportedInterfaceOrientations_iPad = "UIInterfaceOrientationPortrait UIInterfaceOrientationPortraitUpsideDown UIInterfaceOrientationLandscapeLeft UIInterfaceOrientationLandscapeRight";
				INFOPLIST_KEY_UISupportedInterfaceOrientations_iPhone = "UIInterfaceOrientationPortrait UIInterfaceOrientationLandscapeLeft UIInterfaceOrientationLandscapeRight";
				LD_RUNPATH_SEARCH_PATHS = (
					"$(inherited)",
					"@executable_path/Frameworks",
				);
				MARKETING_VERSION = 1.0;
				PRODUCT_BUNDLE_IDENTIFIER = com.tatejennings.demo.ForgeDemo;
				PRODUCT_NAME = "$(TARGET_NAME)";
				STRING_CATALOG_GENERATE_SYMBOLS = YES;
				SWIFT_APPROACHABLE_CONCURRENCY = YES;
				SWIFT_DEFAULT_ACTOR_ISOLATION = MainActor;
				SWIFT_EMIT_LOC_STRINGS = YES;
				SWIFT_UPCOMING_FEATURE_MEMBER_IMPORT_VISIBILITY = YES;
				SWIFT_VERSION = 5.0;
				TARGETED_DEVICE_FAMILY = "1,2";
			};
			name = Debug;
		};
		5DEA76132F772A55003946FE /* Release */ = {
			isa = XCBuildConfiguration;
			buildSettings = {
				ASSETCATALOG_COMPILER_APPICON_NAME = AppIcon;
				ASSETCATALOG_COMPILER_GLOBAL_ACCENT_COLOR_NAME = AccentColor;
				CODE_SIGN_STYLE = Automatic;
				CURRENT_PROJECT_VERSION = 1;
				ENABLE_PREVIEWS = YES;
				GENERATE_INFOPLIST_FILE = YES;
				INFOPLIST_KEY_UIApplicationSceneManifest_Generation = YES;
				INFOPLIST_KEY_UIApplicationSupportsIndirectInputEvents = YES;
				INFOPLIST_KEY_UILaunchScreen_Generation = YES;
				INFOPLIST_KEY_UISupportedInterfaceOrientations_iPad = "UIInterfaceOrientationPortrait UIInterfaceOrientationPortraitUpsideDown UIInterfaceOrientationLandscapeLeft UIInterfaceOrientationLandscapeRight";
				INFOPLIST_KEY_UISupportedInterfaceOrientations_iPhone = "UIInterfaceOrientationPortrait UIInterfaceOrientationLandscapeLeft UIInterfaceOrientationLandscapeRight";
				LD_RUNPATH_SEARCH_PATHS = (
					"$(inherited)",
					"@executable_path/Frameworks",
				);
				MARKETING_VERSION = 1.0;
				PRODUCT_BUNDLE_IDENTIFIER = com.tatejennings.demo.ForgeDemo;
				PRODUCT_NAME = "$(TARGET_NAME)";
				STRING_CATALOG_GENERATE_SYMBOLS = YES;
				SWIFT_APPROACHABLE_CONCURRENCY = YES;
				SWIFT_DEFAULT_ACTOR_ISOLATION = MainActor;
				SWIFT_EMIT_LOC_STRINGS = YES;
				SWIFT_UPCOMING_FEATURE_MEMBER_IMPORT_VISIBILITY = YES;
				SWIFT_VERSION = 5.0;
				TARGETED_DEVICE_FAMILY = "1,2";
			};
			name = Release;
		};
		5DEA76152F772A55003946FE /* Debug */ = {
			isa = XCBuildConfiguration;
			buildSettings = {
				BUNDLE_LOADER = "$(TEST_HOST)";
				CODE_SIGN_STYLE = Automatic;
				CURRENT_PROJECT_VERSION = 1;
				GENERATE_INFOPLIST_FILE = YES;
				IPHONEOS_DEPLOYMENT_TARGET = 26.2;
				MARKETING_VERSION = 1.0;
				PRODUCT_BUNDLE_IDENTIFIER = com.tatejennings.demo.ForgeDemoTests;
				PRODUCT_NAME = "$(TARGET_NAME)";
				STRING_CATALOG_GENERATE_SYMBOLS = NO;
				SWIFT_APPROACHABLE_CONCURRENCY = YES;
				SWIFT_EMIT_LOC_STRINGS = NO;
				SWIFT_UPCOMING_FEATURE_MEMBER_IMPORT_VISIBILITY = YES;
				SWIFT_VERSION = 5.0;
				TARGETED_DEVICE_FAMILY = "1,2";
				TEST_HOST = "$(BUILT_PRODUCTS_DIR)/ForgeDemo.app/$(BUNDLE_EXECUTABLE_FOLDER_PATH)/ForgeDemo";
			};
			name = Debug;
		};
		5DEA76162F772A55003946FE /* Release */ = {
			isa = XCBuildConfiguration;
			buildSettings = {
				BUNDLE_LOADER = "$(TEST_HOST)";
				CODE_SIGN_STYLE = Automatic;
				CURRENT_PROJECT_VERSION = 1;
				GENERATE_INFOPLIST_FILE = YES;
				IPHONEOS_DEPLOYMENT_TARGET = 26.2;
				MARKETING_VERSION = 1.0;
				PRODUCT_BUNDLE_IDENTIFIER = com.tatejennings.demo.ForgeDemoTests;
				PRODUCT_NAME = "$(TARGET_NAME)";
				STRING_CATALOG_GENERATE_SYMBOLS = NO;
				SWIFT_APPROACHABLE_CONCURRENCY = YES;
				SWIFT_EMIT_LOC_STRINGS = NO;
				SWIFT_UPCOMING_FEATURE_MEMBER_IMPORT_VISIBILITY = YES;
				SWIFT_VERSION = 5.0;
				TARGETED_DEVICE_FAMILY = "1,2";
				TEST_HOST = "$(BUILT_PRODUCTS_DIR)/ForgeDemo.app/$(BUNDLE_EXECUTABLE_FOLDER_PATH)/ForgeDemo";
			};
			name = Release;
		};
		5DEA76182F772A55003946FE /* Debug */ = {
			isa = XCBuildConfiguration;
			buildSettings = {
				CODE_SIGN_STYLE = Automatic;
				CURRENT_PROJECT_VERSION = 1;
				GENERATE_INFOPLIST_FILE = YES;
				MARKETING_VERSION = 1.0;
				PRODUCT_BUNDLE_IDENTIFIER = com.tatejennings.demo.ForgeDemoUITests;
				PRODUCT_NAME = "$(TARGET_NAME)";
				STRING_CATALOG_GENERATE_SYMBOLS = NO;
				SWIFT_APPROACHABLE_CONCURRENCY = YES;
				SWIFT_EMIT_LOC_STRINGS = NO;
				SWIFT_UPCOMING_FEATURE_MEMBER_IMPORT_VISIBILITY = YES;
				SWIFT_VERSION = 5.0;
				TARGETED_DEVICE_FAMILY = "1,2";
				TEST_TARGET_NAME = ForgeDemo;
			};
			name = Debug;
		};
		5DEA76192F772A55003946FE /* Release */ = {
			isa = XCBuildConfiguration;
			buildSettings = {
				CODE_SIGN_STYLE = Automatic;
				CURRENT_PROJECT_VERSION = 1;
				GENERATE_INFOPLIST_FILE = YES;
				MARKETING_VERSION = 1.0;
				PRODUCT_BUNDLE_IDENTIFIER = com.tatejennings.demo.ForgeDemoUITests;
				PRODUCT_NAME = "$(TARGET_NAME)";
				STRING_CATALOG_GENERATE_SYMBOLS = NO;
				SWIFT_APPROACHABLE_CONCURRENCY = YES;
				SWIFT_EMIT_LOC_STRINGS = NO;
				SWIFT_UPCOMING_FEATURE_MEMBER_IMPORT_VISIBILITY = YES;
				SWIFT_VERSION = 5.0;
				TARGETED_DEVICE_FAMILY = "1,2";
				TEST_TARGET_NAME = ForgeDemo;
			};
			name = Release;
		};
/* End XCBuildConfiguration section */

/* Begin XCConfigurationList section */
		5DEA75E92F772A53003946FE /* Build configuration list for PBXProject "ForgeDemo" */ = {
			isa = XCConfigurationList;
			buildConfigurations = (
				5DEA760F2F772A55003946FE /* Debug */,
				5DEA76102F772A55003946FE /* Release */,
			);
			defaultConfigurationIsVisible = 0;
			defaultConfigurationName = Release;
		};
		5DEA76112F772A55003946FE /* Build configuration list for PBXNativeTarget "ForgeDemo" */ = {
			isa = XCConfigurationList;
			buildConfigurations = (
				5DEA76122F772A55003946FE /* Debug */,
				5DEA76132F772A55003946FE /* Release */,
			);
			defaultConfigurationIsVisible = 0;
			defaultConfigurationName = Release;
		};
		5DEA76142F772A55003946FE /* Build configuration list for PBXNativeTarget "ForgeDemoTests" */ = {
			isa = XCConfigurationList;
			buildConfigurations = (
				5DEA76152F772A55003946FE /* Debug */,
				5DEA76162F772A55003946FE /* Release */,
			);
			defaultConfigurationIsVisible = 0;
			defaultConfigurationName = Release;
		};
		5DEA76172F772A55003946FE /* Build configuration list for PBXNativeTarget "ForgeDemoUITests" */ = {
			isa = XCConfigurationList;
			buildConfigurations = (
				5DEA76182F772A55003946FE /* Debug */,
				5DEA76192F772A55003946FE /* Release */,
			);
			defaultConfigurationIsVisible = 0;
			defaultConfigurationName = Release;
		};
/* End XCConfigurationList section */

/* Begin XCLocalSwiftPackageReference section */
		5DEA76212F774DEB003946FE /* XCLocalSwiftPackageReference "Packages/ForgeDemoPackages" */ = {
			isa = XCLocalSwiftPackageReference;
			relativePath = Packages/ForgeDemoPackages;
		};
/* End XCLocalSwiftPackageReference section */

/* Begin XCSwiftPackageProductDependency section */
		5DEA761B2F772AB1003946FE /* Forge */ = {
			isa = XCSwiftPackageProductDependency;
			productName = Forge;
		};
		5DEA76222F774DEB003946FE /* CoreInfrastructure */ = {
			isa = XCSwiftPackageProductDependency;
			productName = CoreInfrastructure;
		};
		5DEA76242F774DEB003946FE /* CoreModels */ = {
			isa = XCSwiftPackageProductDependency;
			productName = CoreModels;
		};
		5DEA76262F774DEB003946FE /* CoreNetworking */ = {
			isa = XCSwiftPackageProductDependency;
			productName = CoreNetworking;
		};
		5DEA76282F774DEB003946FE /* FeatureSettings */ = {
			isa = XCSwiftPackageProductDependency;
			productName = FeatureSettings;
		};
		5DEA762A2F774DEB003946FE /* FeatureTasks */ = {
			isa = XCSwiftPackageProductDependency;
			productName = FeatureTasks;
		};
/* End XCSwiftPackageProductDependency section */
	};
	rootObject = 5DEA75E62F772A53003946FE /* Project object */;
}
